
Microsoft Visual Studio Solution File, Format Version 12.00
# Visual Studio Version 17
VisualStudioVersion = 17.5.33502.453
MinimumVisualStudioVersion = 10.0.40219.1
Project("{2150E333-8FDC-42A3-9474-1A3956D46DE8}") = "Application", "Application", "{655A2B80-FCF7-4A4C-98B6-9279F874B66A}"
EndProject
Project("{2150E333-8FDC-42A3-9474-1A3956D46DE8}") = "Domain", "Domain", "{850216F0-2493-4330-B58B-7D485334F660}"
EndProject
Project("{2150E333-8FDC-42A3-9474-1A3956D46DE8}") = "Infraestructure", "Infraestructure", "{BABF9B8B-F0EA-4CD5-B012-4F3793E6BB02}"
EndProject
Project("{2150E333-8FDC-42A3-9474-1A3956D46DE8}") = "Services", "Services", "{A928B645-4EEC-4382-82E5-EA68AF456FCA}"
EndProject
Project("{2150E333-8FDC-42A3-9474-1A3956D46DE8}") = "tests", "tests", "{88A6E82B-868A-437A-AC47-2FCA70A43162}"
EndProject
Project("{2150E333-8FDC-42A3-9474-1A3956D46DE8}") = "src", "src", "{2B5E8D44-10A3-4399-91ED-C9503821E15C}"
EndProject
Project("{9A19103F-16F7-4668-BE54-9A1E7A4F7556}") = "Domain", "Domain\Domain.csproj", "{E012AF85-C1B5-4F38-BDF2-8EE14BD124EE}"
EndProject
Project("{9A19103F-16F7-4668-BE54-9A1E7A4F7556}") = "Persistence", "Persistence\Persistence.csproj", "{D95D1DDA-5417-4307-BED8-5AA848FE51B7}"
EndProject
Project("{9A19103F-16F7-4668-BE54-9A1E7A4F7556}") = "WebApi", "WebApi\WebApi.csproj", "{B2D19A61-4961-4F6C-B764-A07F7F7452C2}"
EndProject
Project("{2150E333-8FDC-42A3-9474-1A3956D46DE8}") = "Presentation", "Presentation", "{AE1D14D0-8880-4AF2-BA4A-CD11D2598464}"
EndProject
Project("{54A90642-561A-4BB1-A94E-469ADEE60C69}") = "Presentation", "Presentation\Presentation.esproj", "{32ACA35D-6B85-4ED6-858A-83AF7D04BE26}"
EndProject
Project("{9A19103F-16F7-4668-BE54-9A1E7A4F7556}") = "Presenters", "Presenters\Presenters.csproj", "{5768C0AB-6F52-456C-B69B-657EFEA075DE}"
EndProject
Project("{9A19103F-16F7-4668-BE54-9A1E7A4F7556}") = "IoC", "IoC\IoC.csproj", "{04481B4F-CFB4-4226-9799-76EFA6445992}"
EndProject
Project("{9A19103F-16F7-4668-BE54-9A1E7A4F7556}") = "JsonWebTokenService", "JsonWebTokenService\JsonWebTokenService.csproj", "{69DDEDEB-EE3C-4DE3-8761-55C734C4B438}"
EndProject
Project("{9A19103F-16F7-4668-BE54-9A1E7A4F7556}") = "Dtos", "Dtos\Dtos.csproj", "{436A063B-B4AE-45CE-A2DD-576BF528A8C1}"
EndProject
Project("{9A19103F-16F7-4668-BE54-9A1E7A4F7556}") = "UseCases", "UseCases\UseCases.csproj", "{6B258120-CB49-4947-B2E7-DBC8AE3B3204}"
EndProject
Project("{9A19103F-16F7-4668-BE54-9A1E7A4F7556}") = "Ports", "Ports\Ports.csproj", "{EAFD1559-4BB7-4F4F-BF21-D85B349F6F40}"
EndProject
Project("{FAE04EC0-301F-11D3-BF4B-00C04F79EFBC}") = "UseCaseLayerTests", "UseCaseLayerTests\UseCaseLayerTests.csproj", "{76850D32-78D0-4A1F-B0FF-A969F1A86F1B}"
EndProject
Project("{FAE04EC0-301F-11D3-BF4B-00C04F79EFBC}") = "PersistenceLayerTests", "PersistenceLayerTests\PersistenceLayerTests.csproj", "{A92EFC42-75BA-42DE-82C8-AA1ACEEAEC64}"
EndProject
Global
	GlobalSection(SolutionConfigurationPlatforms) = preSolution
		Debug|Any CPU = Debug|Any CPU
		Release|Any CPU = Release|Any CPU
	EndGlobalSection
	GlobalSection(ProjectConfigurationPlatforms) = postSolution
		{E012AF85-C1B5-4F38-BDF2-8EE14BD124EE}.Debug|Any CPU.ActiveCfg = Debug|Any CPU
		{E012AF85-C1B5-4F38-BDF2-8EE14BD124EE}.Debug|Any CPU.Build.0 = Debug|Any CPU
		{E012AF85-C1B5-4F38-BDF2-8EE14BD124EE}.Release|Any CPU.ActiveCfg = Release|Any CPU
		{E012AF85-C1B5-4F38-BDF2-8EE14BD124EE}.Release|Any CPU.Build.0 = Release|Any CPU
		{D95D1DDA-5417-4307-BED8-5AA848FE51B7}.Debug|Any CPU.ActiveCfg = Debug|Any CPU
		{D95D1DDA-5417-4307-BED8-5AA848FE51B7}.Debug|Any CPU.Build.0 = Debug|Any CPU
		{D95D1DDA-5417-4307-BED8-5AA848FE51B7}.Release|Any CPU.ActiveCfg = Release|Any CPU
		{D95D1DDA-5417-4307-BED8-5AA848FE51B7}.Release|Any CPU.Build.0 = Release|Any CPU
		{B2D19A61-4961-4F6C-B764-A07F7F7452C2}.Debug|Any CPU.ActiveCfg = Debug|Any CPU
		{B2D19A61-4961-4F6C-B764-A07F7F7452C2}.Debug|Any CPU.Build.0 = Debug|Any CPU
		{B2D19A61-4961-4F6C-B764-A07F7F7452C2}.Release|Any CPU.ActiveCfg = Release|Any CPU
		{B2D19A61-4961-4F6C-B764-A07F7F7452C2}.Release|Any CPU.Build.0 = Release|Any CPU
		{32ACA35D-6B85-4ED6-858A-83AF7D04BE26}.Debug|Any CPU.ActiveCfg = Debug|Any CPU
		{32ACA35D-6B85-4ED6-858A-83AF7D04BE26}.Debug|Any CPU.Build.0 = Debug|Any CPU
		{32ACA35D-6B85-4ED6-858A-83AF7D04BE26}.Debug|Any CPU.Deploy.0 = Debug|Any CPU
		{32ACA35D-6B85-4ED6-858A-83AF7D04BE26}.Release|Any CPU.ActiveCfg = Release|Any CPU
		{32ACA35D-6B85-4ED6-858A-83AF7D04BE26}.Release|Any CPU.Build.0 = Release|Any CPU
		{32ACA35D-6B85-4ED6-858A-83AF7D04BE26}.Release|Any CPU.Deploy.0 = Release|Any CPU
		{5768C0AB-6F52-456C-B69B-657EFEA075DE}.Debug|Any CPU.ActiveCfg = Debug|Any CPU
		{5768C0AB-6F52-456C-B69B-657EFEA075DE}.Debug|Any CPU.Build.0 = Debug|Any CPU
		{5768C0AB-6F52-456C-B69B-657EFEA075DE}.Release|Any CPU.ActiveCfg = Release|Any CPU
		{5768C0AB-6F52-456C-B69B-657EFEA075DE}.Release|Any CPU.Build.0 = Release|Any CPU
		{04481B4F-CFB4-4226-9799-76EFA6445992}.Debug|Any CPU.ActiveCfg = Debug|Any CPU
		{04481B4F-CFB4-4226-9799-76EFA6445992}.Debug|Any CPU.Build.0 = Debug|Any CPU
		{04481B4F-CFB4-4226-9799-76EFA6445992}.Release|Any CPU.ActiveCfg = Release|Any CPU
		{04481B4F-CFB4-4226-9799-76EFA6445992}.Release|Any CPU.Build.0 = Release|Any CPU
		{69DDEDEB-EE3C-4DE3-8761-55C734C4B438}.Debug|Any CPU.ActiveCfg = Debug|Any CPU
		{69DDEDEB-EE3C-4DE3-8761-55C734C4B438}.Debug|Any CPU.Build.0 = Debug|Any CPU
		{69DDEDEB-EE3C-4DE3-8761-55C734C4B438}.Release|Any CPU.ActiveCfg = Release|Any CPU
		{69DDEDEB-EE3C-4DE3-8761-55C734C4B438}.Release|Any CPU.Build.0 = Release|Any CPU
		{436A063B-B4AE-45CE-A2DD-576BF528A8C1}.Debug|Any CPU.ActiveCfg = Debug|Any CPU
		{436A063B-B4AE-45CE-A2DD-576BF528A8C1}.Debug|Any CPU.Build.0 = Debug|Any CPU
		{436A063B-B4AE-45CE-A2DD-576BF528A8C1}.Release|Any CPU.ActiveCfg = Release|Any CPU
		{436A063B-B4AE-45CE-A2DD-576BF528A8C1}.Release|Any CPU.Build.0 = Release|Any CPU
		{6B258120-CB49-4947-B2E7-DBC8AE3B3204}.Debug|Any CPU.ActiveCfg = Debug|Any CPU
		{6B258120-CB49-4947-B2E7-DBC8AE3B3204}.Debug|Any CPU.Build.0 = Debug|Any CPU
		{6B258120-CB49-4947-B2E7-DBC8AE3B3204}.Release|Any CPU.ActiveCfg = Release|Any CPU
		{6B258120-CB49-4947-B2E7-DBC8AE3B3204}.Release|Any CPU.Build.0 = Release|Any CPU
		{EAFD1559-4BB7-4F4F-BF21-D85B349F6F40}.Debug|Any CPU.ActiveCfg = Debug|Any CPU
		{EAFD1559-4BB7-4F4F-BF21-D85B349F6F40}.Debug|Any CPU.Build.0 = Debug|Any CPU
		{EAFD1559-4BB7-4F4F-BF21-D85B349F6F40}.Release|Any CPU.ActiveCfg = Release|Any CPU
		{EAFD1559-4BB7-4F4F-BF21-D85B349F6F40}.Release|Any CPU.Build.0 = Release|Any CPU
		{76850D32-78D0-4A1F-B0FF-A969F1A86F1B}.Debug|Any CPU.ActiveCfg = Debug|Any CPU
		{76850D32-78D0-4A1F-B0FF-A969F1A86F1B}.Debug|Any CPU.Build.0 = Debug|Any CPU
		{76850D32-78D0-4A1F-B0FF-A969F1A86F1B}.Release|Any CPU.ActiveCfg = Release|Any CPU
		{76850D32-78D0-4A1F-B0FF-A969F1A86F1B}.Release|Any CPU.Build.0 = Release|Any CPU
		{A92EFC42-75BA-42DE-82C8-AA1ACEEAEC64}.Debug|Any CPU.ActiveCfg = Debug|Any CPU
		{A92EFC42-75BA-42DE-82C8-AA1ACEEAEC64}.Debug|Any CPU.Build.0 = Debug|Any CPU
		{A92EFC42-75BA-42DE-82C8-AA1ACEEAEC64}.Release|Any CPU.ActiveCfg = Release|Any CPU
		{A92EFC42-75BA-42DE-82C8-AA1ACEEAEC64}.Release|Any CPU.Build.0 = Release|Any CPU
	EndGlobalSection
	GlobalSection(SolutionProperties) = preSolution
		HideSolutionNode = FALSE
	EndGlobalSection
	GlobalSection(NestedProjects) = preSolution
		{655A2B80-FCF7-4A4C-98B6-9279F874B66A} = {2B5E8D44-10A3-4399-91ED-C9503821E15C}
		{850216F0-2493-4330-B58B-7D485334F660} = {2B5E8D44-10A3-4399-91ED-C9503821E15C}
		{BABF9B8B-F0EA-4CD5-B012-4F3793E6BB02} = {2B5E8D44-10A3-4399-91ED-C9503821E15C}
		{A928B645-4EEC-4382-82E5-EA68AF456FCA} = {2B5E8D44-10A3-4399-91ED-C9503821E15C}
		{E012AF85-C1B5-4F38-BDF2-8EE14BD124EE} = {850216F0-2493-4330-B58B-7D485334F660}
		{D95D1DDA-5417-4307-BED8-5AA848FE51B7} = {BABF9B8B-F0EA-4CD5-B012-4F3793E6BB02}
		{B2D19A61-4961-4F6C-B764-A07F7F7452C2} = {A928B645-4EEC-4382-82E5-EA68AF456FCA}
		{AE1D14D0-8880-4AF2-BA4A-CD11D2598464} = {2B5E8D44-10A3-4399-91ED-C9503821E15C}
		{32ACA35D-6B85-4ED6-858A-83AF7D04BE26} = {AE1D14D0-8880-4AF2-BA4A-CD11D2598464}
		{5768C0AB-6F52-456C-B69B-657EFEA075DE} = {A928B645-4EEC-4382-82E5-EA68AF456FCA}
		{04481B4F-CFB4-4226-9799-76EFA6445992} = {A928B645-4EEC-4382-82E5-EA68AF456FCA}
		{69DDEDEB-EE3C-4DE3-8761-55C734C4B438} = {BABF9B8B-F0EA-4CD5-B012-4F3793E6BB02}
		{436A063B-B4AE-45CE-A2DD-576BF528A8C1} = {655A2B80-FCF7-4A4C-98B6-9279F874B66A}
		{6B258120-CB49-4947-B2E7-DBC8AE3B3204} = {655A2B80-FCF7-4A4C-98B6-9279F874B66A}
		{EAFD1559-4BB7-4F4F-BF21-D85B349F6F40} = {655A2B80-FCF7-4A4C-98B6-9279F874B66A}
		{76850D32-78D0-4A1F-B0FF-A969F1A86F1B} = {88A6E82B-868A-437A-AC47-2FCA70A43162}
		{A92EFC42-75BA-42DE-82C8-AA1ACEEAEC64} = {88A6E82B-868A-437A-AC47-2FCA70A43162}
	EndGlobalSection
	GlobalSection(ExtensibilityGlobals) = postSolution
		SolutionGuid = {B23C566A-EB7C-4891-873C-B0AF88269224}
	EndGlobalSection
EndGlobal
